
Microsoft Visual Studio Solution File, Format Version 12.00
# Visual Studio Version 17
VisualStudioVersion = 17.8.34511.84
MinimumVisualStudioVersion = 10.0.40219.1
Project("{FAE04EC0-301F-11D3-BF4B-00C04F79EFBC}") = "SimpleCalculator", "SimpleCalculator\SimpleCalculator.csproj", "{A5653AFF-300E-4C2F-B776-35CA8F7CE76D}"
EndProject
Global
	GlobalSection(SolutionConfigurationPlatforms) = preSolution
		Debug|Any CPU = Debug|Any CPU
		Release|Any CPU = Release|Any CPU
	EndGlobalSection
	GlobalSection(ProjectConfigurationPlatforms) = postSolution
		{A5653AFF-300E-4C2F-B776-35CA8F7CE76D}.Debug|Any CPU.ActiveCfg = Debug|Any CPU
		{A5653AFF-300E-4C2F-B776-35CA8F7CE76D}.Debug|Any CPU.Build.0 = Debug|Any CPU
		{A5653AFF-300E-4C2F-B776-35CA8F7CE76D}.Release|Any CPU.ActiveCfg = Release|Any CPU
		{A5653AFF-300E-4C2F-B776-35CA8F7CE76D}.Release|Any CPU.Build.0 = Release|Any CPU
	EndGlobalSection
	GlobalSection(SolutionProperties) = preSolution
		HideSolutionNode = FALSE
	EndGlobalSection
	GlobalSection(ExtensibilityGlobals) = postSolution
		SolutionGuid = {ECA0E980-DCB8-49A7-ABA3-75A9F8561FFB}
	EndGlobalSection
EndGlobal
